
Microsoft Visual Studio Solution File, Format Version 12.00
# Visual Studio Version 17
VisualStudioVersion = 17.0.31903.59
MinimumVisualStudioVersion = 10.0.40219.1
Project("{2150E333-8FDC-42A3-9474-1A3956D46DE8}") = "src", "src", "{8F60B9B9-6B84-406F-A530-A8BB338192E2}"
EndProject
Project("{2150E333-8FDC-42A3-9474-1A3956D46DE8}") = "curso_01", "curso_01", "{13AD3F9E-6240-40C8-A32C-3FD13276E1EA}"
EndProject
Project("{FAE04EC0-301F-11D3-BF4B-00C04F79EFBC}") = "ScreenSound", "src\curso_01\ScreenSound\ScreenSound.csproj", "{800107D6-BE2E-4F7E-8BEA-46F113492EAD}"
EndProject
Project("{FAE04EC0-301F-11D3-BF4B-00C04F79EFBC}") = "ExerciciosParaPraticar", "src\curso_01\ExerciciosParaPraticar\ExerciciosParaPraticar.csproj", "{AAB6D7D2-922B-4C11-B9E2-E6194D05EE96}"
EndProject
Project("{2150E333-8FDC-42A3-9474-1A3956D46DE8}") = "curso_02", "curso_02", "{F289D92A-BA34-44FC-96B6-270E48517461}"
EndProject
Project("{FAE04EC0-301F-11D3-BF4B-00C04F79EFBC}") = "ScreenSound", "src\curso_02\ScreenSound\ScreenSound.csproj", "{653963A1-5588-46E5-9B57-0697F388AFE8}"
EndProject
Project("{FAE04EC0-301F-11D3-BF4B-00C04F79EFBC}") = "ExerciciosParaPraticar", "src\curso_02\ExerciciosParaPraticar\ExerciciosParaPraticar.csproj", "{5ACB4C5D-C6EE-4C8E-835E-3594508FCB23}"
EndProject
Project("{2150E333-8FDC-42A3-9474-1A3956D46DE8}") = "curso_03", "curso_03", "{C041DDF2-0D06-4D89-A6F4-D3A95CEE0F19}"
EndProject
Project("{FAE04EC0-301F-11D3-BF4B-00C04F79EFBC}") = "ScreenSound", "src\curso_03\ScreenSound\ScreenSound.csproj", "{37D1D0A4-D2D4-44CE-8F7E-9E12BBA7F79B}"
EndProject
Project("{2150E333-8FDC-42A3-9474-1A3956D46DE8}") = "ExerciciosParaPraticar", "ExerciciosParaPraticar", "{24F588B6-FC1B-4E48-BF2D-F00D3F834719}"
EndProject
Project("{FAE04EC0-301F-11D3-BF4B-00C04F79EFBC}") = "Aula1", "src\curso_03\ExerciciosParaPraticar\Aula1\Aula1.csproj", "{3BE804E2-1769-4A93-9386-31CC0051AB0D}"
EndProject
Project("{FAE04EC0-301F-11D3-BF4B-00C04F79EFBC}") = "Aula2", "src\curso_03\ExerciciosParaPraticar\Aula2\Aula2.csproj", "{1A8120DD-A7B9-4FA1-B28E-CBE33FEE4DA7}"
EndProject
Project("{FAE04EC0-301F-11D3-BF4B-00C04F79EFBC}") = "Aula3", "src\curso_03\ExerciciosParaPraticar\Aula3\Aula3.csproj", "{351A28D1-0030-4DCF-BCBC-F6663E5CFF72}"
EndProject
Project("{FAE04EC0-301F-11D3-BF4B-00C04F79EFBC}") = "Aula4", "src\curso_03\ExerciciosParaPraticar\Aula4\Aula4.csproj", "{128759FC-8B71-435E-A3E1-B0EE6ED1D258}"
EndProject
Project("{2150E333-8FDC-42A3-9474-1A3956D46DE8}") = "curso_04", "curso_04", "{E74E1117-B5FC-4FD7-ADB8-B619B8E98A46}"
EndProject
Project("{FAE04EC0-301F-11D3-BF4B-00C04F79EFBC}") = "ScreenSound", "src\curso_04\ScreenSound\ScreenSound.csproj", "{6AD3AD97-3246-4301-92A1-1B9B1CB600FC}"
EndProject
Global
	GlobalSection(SolutionConfigurationPlatforms) = preSolution
		Debug|Any CPU = Debug|Any CPU
		Release|Any CPU = Release|Any CPU
	EndGlobalSection
	GlobalSection(ProjectConfigurationPlatforms) = postSolution
		{800107D6-BE2E-4F7E-8BEA-46F113492EAD}.Debug|Any CPU.ActiveCfg = Debug|Any CPU
		{800107D6-BE2E-4F7E-8BEA-46F113492EAD}.Debug|Any CPU.Build.0 = Debug|Any CPU
		{800107D6-BE2E-4F7E-8BEA-46F113492EAD}.Release|Any CPU.ActiveCfg = Release|Any CPU
		{800107D6-BE2E-4F7E-8BEA-46F113492EAD}.Release|Any CPU.Build.0 = Release|Any CPU
		{AAB6D7D2-922B-4C11-B9E2-E6194D05EE96}.Debug|Any CPU.ActiveCfg = Debug|Any CPU
		{AAB6D7D2-922B-4C11-B9E2-E6194D05EE96}.Debug|Any CPU.Build.0 = Debug|Any CPU
		{AAB6D7D2-922B-4C11-B9E2-E6194D05EE96}.Release|Any CPU.ActiveCfg = Release|Any CPU
		{AAB6D7D2-922B-4C11-B9E2-E6194D05EE96}.Release|Any CPU.Build.0 = Release|Any CPU
		{653963A1-5588-46E5-9B57-0697F388AFE8}.Debug|Any CPU.ActiveCfg = Debug|Any CPU
		{653963A1-5588-46E5-9B57-0697F388AFE8}.Debug|Any CPU.Build.0 = Debug|Any CPU
		{653963A1-5588-46E5-9B57-0697F388AFE8}.Release|Any CPU.ActiveCfg = Release|Any CPU
		{653963A1-5588-46E5-9B57-0697F388AFE8}.Release|Any CPU.Build.0 = Release|Any CPU
		{5ACB4C5D-C6EE-4C8E-835E-3594508FCB23}.Debug|Any CPU.ActiveCfg = Debug|Any CPU
		{5ACB4C5D-C6EE-4C8E-835E-3594508FCB23}.Debug|Any CPU.Build.0 = Debug|Any CPU
		{5ACB4C5D-C6EE-4C8E-835E-3594508FCB23}.Release|Any CPU.ActiveCfg = Release|Any CPU
		{5ACB4C5D-C6EE-4C8E-835E-3594508FCB23}.Release|Any CPU.Build.0 = Release|Any CPU
		{37D1D0A4-D2D4-44CE-8F7E-9E12BBA7F79B}.Debug|Any CPU.ActiveCfg = Debug|Any CPU
		{37D1D0A4-D2D4-44CE-8F7E-9E12BBA7F79B}.Debug|Any CPU.Build.0 = Debug|Any CPU
		{37D1D0A4-D2D4-44CE-8F7E-9E12BBA7F79B}.Release|Any CPU.ActiveCfg = Release|Any CPU
		{37D1D0A4-D2D4-44CE-8F7E-9E12BBA7F79B}.Release|Any CPU.Build.0 = Release|Any CPU
		{3BE804E2-1769-4A93-9386-31CC0051AB0D}.Debug|Any CPU.ActiveCfg = Debug|Any CPU
		{3BE804E2-1769-4A93-9386-31CC0051AB0D}.Debug|Any CPU.Build.0 = Debug|Any CPU
		{3BE804E2-1769-4A93-9386-31CC0051AB0D}.Release|Any CPU.ActiveCfg = Release|Any CPU
		{3BE804E2-1769-4A93-9386-31CC0051AB0D}.Release|Any CPU.Build.0 = Release|Any CPU
		{1A8120DD-A7B9-4FA1-B28E-CBE33FEE4DA7}.Debug|Any CPU.ActiveCfg = Debug|Any CPU
		{1A8120DD-A7B9-4FA1-B28E-CBE33FEE4DA7}.Debug|Any CPU.Build.0 = Debug|Any CPU
		{1A8120DD-A7B9-4FA1-B28E-CBE33FEE4DA7}.Release|Any CPU.ActiveCfg = Release|Any CPU
		{1A8120DD-A7B9-4FA1-B28E-CBE33FEE4DA7}.Release|Any CPU.Build.0 = Release|Any CPU
		{351A28D1-0030-4DCF-BCBC-F6663E5CFF72}.Debug|Any CPU.ActiveCfg = Debug|Any CPU
		{351A28D1-0030-4DCF-BCBC-F6663E5CFF72}.Debug|Any CPU.Build.0 = Debug|Any CPU
		{351A28D1-0030-4DCF-BCBC-F6663E5CFF72}.Release|Any CPU.ActiveCfg = Release|Any CPU
		{351A28D1-0030-4DCF-BCBC-F6663E5CFF72}.Release|Any CPU.Build.0 = Release|Any CPU
		{128759FC-8B71-435E-A3E1-B0EE6ED1D258}.Debug|Any CPU.ActiveCfg = Debug|Any CPU
		{128759FC-8B71-435E-A3E1-B0EE6ED1D258}.Debug|Any CPU.Build.0 = Debug|Any CPU
		{128759FC-8B71-435E-A3E1-B0EE6ED1D258}.Release|Any CPU.ActiveCfg = Release|Any CPU
		{128759FC-8B71-435E-A3E1-B0EE6ED1D258}.Release|Any CPU.Build.0 = Release|Any CPU
		{6AD3AD97-3246-4301-92A1-1B9B1CB600FC}.Debug|Any CPU.ActiveCfg = Debug|Any CPU
		{6AD3AD97-3246-4301-92A1-1B9B1CB600FC}.Debug|Any CPU.Build.0 = Debug|Any CPU
		{6AD3AD97-3246-4301-92A1-1B9B1CB600FC}.Release|Any CPU.ActiveCfg = Release|Any CPU
		{6AD3AD97-3246-4301-92A1-1B9B1CB600FC}.Release|Any CPU.Build.0 = Release|Any CPU
	EndGlobalSection
	GlobalSection(SolutionProperties) = preSolution
		HideSolutionNode = FALSE
	EndGlobalSection
	GlobalSection(NestedProjects) = preSolution
		{13AD3F9E-6240-40C8-A32C-3FD13276E1EA} = {8F60B9B9-6B84-406F-A530-A8BB338192E2}
		{800107D6-BE2E-4F7E-8BEA-46F113492EAD} = {13AD3F9E-6240-40C8-A32C-3FD13276E1EA}
		{AAB6D7D2-922B-4C11-B9E2-E6194D05EE96} = {13AD3F9E-6240-40C8-A32C-3FD13276E1EA}
		{F289D92A-BA34-44FC-96B6-270E48517461} = {8F60B9B9-6B84-406F-A530-A8BB338192E2}
		{653963A1-5588-46E5-9B57-0697F388AFE8} = {F289D92A-BA34-44FC-96B6-270E48517461}
		{5ACB4C5D-C6EE-4C8E-835E-3594508FCB23} = {F289D92A-BA34-44FC-96B6-270E48517461}
		{C041DDF2-0D06-4D89-A6F4-D3A95CEE0F19} = {8F60B9B9-6B84-406F-A530-A8BB338192E2}
		{37D1D0A4-D2D4-44CE-8F7E-9E12BBA7F79B} = {C041DDF2-0D06-4D89-A6F4-D3A95CEE0F19}
		{24F588B6-FC1B-4E48-BF2D-F00D3F834719} = {C041DDF2-0D06-4D89-A6F4-D3A95CEE0F19}
		{3BE804E2-1769-4A93-9386-31CC0051AB0D} = {24F588B6-FC1B-4E48-BF2D-F00D3F834719}
		{1A8120DD-A7B9-4FA1-B28E-CBE33FEE4DA7} = {24F588B6-FC1B-4E48-BF2D-F00D3F834719}
		{351A28D1-0030-4DCF-BCBC-F6663E5CFF72} = {24F588B6-FC1B-4E48-BF2D-F00D3F834719}
		{128759FC-8B71-435E-A3E1-B0EE6ED1D258} = {24F588B6-FC1B-4E48-BF2D-F00D3F834719}
		{E74E1117-B5FC-4FD7-ADB8-B619B8E98A46} = {8F60B9B9-6B84-406F-A530-A8BB338192E2}
		{6AD3AD97-3246-4301-92A1-1B9B1CB600FC} = {E74E1117-B5FC-4FD7-ADB8-B619B8E98A46}
	EndGlobalSection
EndGlobal
